
Microsoft Visual Studio Solution File, Format Version 12.00
# Visual Studio 15
VisualStudioVersion = 15.0.27428.2002
MinimumVisualStudioVersion = 10.0.40219.1
Project("{FAE04EC0-301F-11D3-BF4B-00C04F79EFBC}") = "HouseFinanceApp", "HouseFinanceApp\HouseFinanceApp.csproj", "{6F047EAE-C67A-49AD-8F8D-3A15E7C9F203}"
EndProject
Project("{FAE04EC0-301F-11D3-BF4B-00C04F79EFBC}") = "HouseFinanceTest", "HouseFinanceTest\HouseFinanceTest.csproj", "{8C853856-60B0-48A3-A7D0-A1FC273BF10F}"
EndProject
Global
	GlobalSection(SolutionConfigurationPlatforms) = preSolution
		Debug|Any CPU = Debug|Any CPU
		Release|Any CPU = Release|Any CPU
	EndGlobalSection
	GlobalSection(ProjectConfigurationPlatforms) = postSolution
		{6F047EAE-C67A-49AD-8F8D-3A15E7C9F203}.Debug|Any CPU.ActiveCfg = Debug|Any CPU
		{6F047EAE-C67A-49AD-8F8D-3A15E7C9F203}.Debug|Any CPU.Build.0 = Debug|Any CPU
		{6F047EAE-C67A-49AD-8F8D-3A15E7C9F203}.Release|Any CPU.ActiveCfg = Release|Any CPU
		{6F047EAE-C67A-49AD-8F8D-3A15E7C9F203}.Release|Any CPU.Build.0 = Release|Any CPU
		{8C853856-60B0-48A3-A7D0-A1FC273BF10F}.Debug|Any CPU.ActiveCfg = Debug|Any CPU
		{8C853856-60B0-48A3-A7D0-A1FC273BF10F}.Debug|Any CPU.Build.0 = Debug|Any CPU
		{8C853856-60B0-48A3-A7D0-A1FC273BF10F}.Release|Any CPU.ActiveCfg = Release|Any CPU
		{8C853856-60B0-48A3-A7D0-A1FC273BF10F}.Release|Any CPU.Build.0 = Release|Any CPU
	EndGlobalSection
	GlobalSection(SolutionProperties) = preSolution
		HideSolutionNode = FALSE
	EndGlobalSection
	GlobalSection(ExtensibilityGlobals) = postSolution
		SolutionGuid = {6A081C8B-2BFA-495B-A5B2-5E4A10558EE3}
	EndGlobalSection
EndGlobal
